{
  "version": "5",
  "specifiers": {
    "jsr:@std/assert@1": "1.0.16",
    "jsr:@std/internal@^1.0.12": "1.0.12",
    "npm:typebox@1.1.4": "1.1.4"
  },
  "jsr": {
    "@std/assert@1.0.16": {
      "integrity": "6a7272ed1eaa77defe76e5ff63ca705d9c495077e2d5fd0126d2b53fc5bd6532",
      "dependencies": [
        "jsr:@std/internal"
      ]
    },
    "@std/internal@1.0.12": {
      "integrity": "972a634fd5bc34b242024402972cd5143eac68d8dffaca5eaa4dba30ce17b027"
    }
  },
  "npm": {
    "typebox@1.1.4": {
      "integrity": "sha512-KIrDJKNKWNCyS5QmlAhySJ9nN3MpJEmWjZ5D9kusLa1y4c073DzPFJz8cI863eOp9FtdXQBHjjJF+f7pzCxqYg=="
    }
  },
  "remote": {
    "https://esm.sh/typebox@1.1.4": "d3c751fc392e6189f920607645d3cd7487a74b43a1200fc2256414e87122cc74",
    "https://esm.sh/typebox@1.1.4/denonext/build/guard/guard.mjs": "2172627a7fa634eda030e7da7685219ca98262c77b54a4e9c542a9998fe41a57",
    "https://esm.sh/typebox@1.1.4/denonext/build/schema/pointer/index.mjs": "b66201f3933903dd520596696b487a570719f98d82370e3ae8039c46251fdc8f",
    "https://esm.sh/typebox@1.1.4/denonext/build/schema/types/index.mjs": "98455a5002d25671daddf65804c2d8ca1a78955b9d4f2963d0e16c7c977469b2",
    "https://esm.sh/typebox@1.1.4/denonext/build/system/arguments/index.mjs": "677fa82af3140f161f48ce41abc6e4379851fd449729db0c722e511181472ad9",
    "https://esm.sh/typebox@1.1.4/denonext/build/system/environment/index.mjs": "7fc8cd1f4e71dcd29b5b1b92543dad7e09fc7cd369c8c4479106d07851a90075",
    "https://esm.sh/typebox@1.1.4/denonext/build/system/hashing/index.mjs": "444fe424690a3634c673ba2341ef78ac22d9e52c7f892c1e1d543d4f41ccaafb",
    "https://esm.sh/typebox@1.1.4/denonext/build/system/locale/_config.mjs": "83ae0277637b423990d4d123e16f0244ddd8379126ea51878eb111222d7119c5",
    "https://esm.sh/typebox@1.1.4/denonext/build/system/locale/en_US.mjs": "41e9b49e66048e067c4d6c3dbe2cab91106214360caf8a3c8aab6a442543cf4a",
    "https://esm.sh/typebox@1.1.4/denonext/build/system/memory/index.mjs": "ddbe66abcc584827b272d0095758e508753c9d16414a707755e1813f1963f720",
    "https://esm.sh/typebox@1.1.4/denonext/build/system/memory/metrics.mjs": "89d8c628112db5b03be1a6bc35dfe6f84831b1fb7619316b47d7eb0337bcc655",
    "https://esm.sh/typebox@1.1.4/denonext/build/system/settings/index.mjs": "10d6820f43d1bb12dc674b53655eb0a0aa94fcee348b1bc162cb3afbffce4dbb",
    "https://esm.sh/typebox@1.1.4/denonext/build/system/system.mjs": "4908aeaab6512bdf6197325c36318edb071c570944e910ecbc450ce050fc9529",
    "https://esm.sh/typebox@1.1.4/denonext/build/system/unreachable/index.mjs": "0a794bcd9e426b93d32b7610189b66d72c231e9b7bf0d4a9705ee7bed97908bc",
    "https://esm.sh/typebox@1.1.4/denonext/build/system/unreachable/unreachable.mjs": "4cac3043958a5e800f637500e0bfa64aba794d08cf610b5cae1ff7cda4e30556",
    "https://esm.sh/typebox@1.1.4/denonext/build/type/action/_optional.mjs": "a95cb70b44389d8138d7178a1464bd0b81138b019b616bbff411969e46c9bbe5",
    "https://esm.sh/typebox@1.1.4/denonext/build/type/action/_readonly.mjs": "7e9bde021486027b9beea9216fc7f96e516fa0e077c9adfaa322a705d5d9dede",
    "https://esm.sh/typebox@1.1.4/denonext/build/type/action/awaited.mjs": "2a1a53c0271052b7f299a1e00a3b7c02a32536e4a390ae026cac1b750fd59d97",
    "https://esm.sh/typebox@1.1.4/denonext/build/type/action/capitalize.mjs": "0b022ad49755e7c5b384cda2ee7c8a793027a61d5fc27ac87dfb62dfa93f2795",
    "https://esm.sh/typebox@1.1.4/denonext/build/type/action/conditional.mjs": "8bfc92c8df64c716215deba3ff2a7acb9aba510e44b9b5f0376e0d03e2a4f6f1",
    "https://esm.sh/typebox@1.1.4/denonext/build/type/action/constructor-parameters.mjs": "dd09a47c6187d76a391a1dd82e99e483ff2d3fe2139f93002ff009fa88f13fb7",
    "https://esm.sh/typebox@1.1.4/denonext/build/type/action/evaluate.mjs": "e557dbf4cc8056feaee15deb6bdf1186ac848ee2a3c1f57acc8c6a70ccd18480",
    "https://esm.sh/typebox@1.1.4/denonext/build/type/action/exclude.mjs": "9497aa3da753a0ae98e993b4ffd0f6fabaecfd190ceb061a21878f097f9e441d",
    "https://esm.sh/typebox@1.1.4/denonext/build/type/action/extract.mjs": "019fe84c4f1c1d9233bb2187d23a72171ba9afa50e479718de70209eaf33219c",
    "https://esm.sh/typebox@1.1.4/denonext/build/type/action/index.mjs": "2427d7a730f533346ce33bf1c6c784ee1556f784f6ec43e16150102e4bb97ea3",
    "https://esm.sh/typebox@1.1.4/denonext/build/type/action/indexed.mjs": "2b7c8d21b79643fe88938a5bd5e725fca0ba9f9c22eba4b65a25817bdf5eb5e9",
    "https://esm.sh/typebox@1.1.4/denonext/build/type/action/instance-type.mjs": "1c700cd2c9a9c675873f31207bacf7a96bb20569146b02169cef6f461c689190",
    "https://esm.sh/typebox@1.1.4/denonext/build/type/action/interface.mjs": "fca4cdcedd9c62d57dacc8e637faa6465b269d5a1948e4edbe58f50c11204c06",
    "https://esm.sh/typebox@1.1.4/denonext/build/type/action/keyof.mjs": "293a20ffe1c3660d282fd0d69b24354beeddf0e63d9abfdeff828b0200cdb8ff",
    "https://esm.sh/typebox@1.1.4/denonext/build/type/action/lowercase.mjs": "1f41836deaf5af1df4f7c09d91e0a58c128116d5398ce346b60a58c6194bd80b",
    "https://esm.sh/typebox@1.1.4/denonext/build/type/action/mapped.mjs": "a086d9debf093e709110d595ea562760fafc6376dd5f317ccd780b365daf2444",
    "https://esm.sh/typebox@1.1.4/denonext/build/type/action/module.mjs": "42d67f97484cbc5931d190cd1b58a9633d19be046b1df26e7bdaa955c92fbf0b",
    "https://esm.sh/typebox@1.1.4/denonext/build/type/action/non-nullable.mjs": "39dfbc15628bece5d61177dd664b30eb09f974130322688e7da09d1b2dbbd07e",
    "https://esm.sh/typebox@1.1.4/denonext/build/type/action/omit.mjs": "8698c884d44b6ef893e4bc879551de96a2cf2c8ac0457da3be029f7fb4617a01",
    "https://esm.sh/typebox@1.1.4/denonext/build/type/action/options.mjs": "89688f10112ebf2423249fe870e64f0c972a481ca9afa075b4c68227be22f9e9",
    "https://esm.sh/typebox@1.1.4/denonext/build/type/action/parameters.mjs": "067c617c4852e258e59239e0cb5c977134997d243b060800609ae47b6362dd7c",
    "https://esm.sh/typebox@1.1.4/denonext/build/type/action/partial.mjs": "81e784e0cbc7c8422299cefed22cce1fe5db6447e9bfd8f7e136156b7a82e286",
    "https://esm.sh/typebox@1.1.4/denonext/build/type/action/pick.mjs": "21c722536dc96452164c59c8303c36fec93da1c10e1cbab9633dc0fb9ff3ecdf",
    "https://esm.sh/typebox@1.1.4/denonext/build/type/action/readonly-type.mjs": "68b996cc29dcc45582ed26879e0dc1572c88e2ae7e98f693bcfb036e13fa9d3f",
    "https://esm.sh/typebox@1.1.4/denonext/build/type/action/required.mjs": "cb79679b30fc21ceca68af6f35294639599d23ed69eb5c2a328e6dcca61505a7",
    "https://esm.sh/typebox@1.1.4/denonext/build/type/action/return-type.mjs": "95ae28814787ce6df13cafc6916f41f2b61ac5a1b4d8b48bc6532ad53d097bdf",
    "https://esm.sh/typebox@1.1.4/denonext/build/type/action/uncapitalize.mjs": "2ee1967af8f33c79f4fda064cbdecb1504c026ffc5cb682891f20977a5bdd862",
    "https://esm.sh/typebox@1.1.4/denonext/build/type/action/uppercase.mjs": "3ace6f793117679c5d36ff9ff4dfcb0a43b5ad276588b24800b5fc77192b6a9a",
    "https://esm.sh/typebox@1.1.4/denonext/build/type/engine/awaited/instantiate.mjs": "59d25ee9bf6358547a33316907ad7687ebf376a66763874f7ae8cb23c33ee2b0",
    "https://esm.sh/typebox@1.1.4/denonext/build/type/engine/call/instantiate.mjs": "c051087948ed2cdc5041c379a7632559650a7dfea96922b11c33a45cfce7390c",
    "https://esm.sh/typebox@1.1.4/denonext/build/type/engine/conditional/index.mjs": "2af218f843298b2b66ee485a3f39291e820a5663aa7ffdfd36af0c58108f594a",
    "https://esm.sh/typebox@1.1.4/denonext/build/type/engine/constructor-parameters/instantiate.mjs": "6a05bc4d77b2cfedfc82564df6f7fa55dd5ebf2433dad4cfed9be2e9c03eba5d",
    "https://esm.sh/typebox@1.1.4/denonext/build/type/engine/cyclic/candidates.mjs": "bfee03010f81f3a83e2fbddfa2226b415cc27c31fe2351f1450535a33078d99b",
    "https://esm.sh/typebox@1.1.4/denonext/build/type/engine/cyclic/check.mjs": "e2b7000749d8a1e2bd52d96763509ce10a6242cab7d131ea728c992c066891e7",
    "https://esm.sh/typebox@1.1.4/denonext/build/type/engine/cyclic/dependencies.mjs": "a53c462e2fddd1fece67c695ad9b0b41f7e3f55825f2e32ab59a125061348b96",
    "https://esm.sh/typebox@1.1.4/denonext/build/type/engine/cyclic/index.mjs": "baf0ba15d6359261bfd5ee32a11b12feaaf48b2a02ba1db98643c134fe6b76d0",
    "https://esm.sh/typebox@1.1.4/denonext/build/type/engine/cyclic/instantiate.mjs": "0ded11c6ab4b9eaf846d104676909280660085bdc7b6a77f6319ed6712cba4cd",
    "https://esm.sh/typebox@1.1.4/denonext/build/type/engine/cyclic/target.mjs": "9a003a5fce1e8ae1a402edd7d2e18de13c221c756bfbe8faca4ff8fbf7e9d7d7",
    "https://esm.sh/typebox@1.1.4/denonext/build/type/engine/enum/enum-to-union.mjs": "aba14eb57d9577878ced9f155af0d5f5116bd91a449d03c60d9f0b508e02c77b",
    "https://esm.sh/typebox@1.1.4/denonext/build/type/engine/enum/index.mjs": "6fd67d8ecaaf93e7f2966bd59b35cb8143c17559be9bd43dedf48ca6edac7298",
    "https://esm.sh/typebox@1.1.4/denonext/build/type/engine/enum/typescript-enum-to-enum-values.mjs": "6f77eb63b63afa45005fc975a6e419654d74511b7822dfc7364d1201a0e47006",
    "https://esm.sh/typebox@1.1.4/denonext/build/type/engine/evaluate/broaden.mjs": "f5f83ff6b126db907449453d700a66736791772481477c389988db22c1a2d8e8",
    "https://esm.sh/typebox@1.1.4/denonext/build/type/engine/evaluate/compare.mjs": "43aacef470729fb810925fb9284b6540ab80788a65ffe5a7627d864f612cc9f6",
    "https://esm.sh/typebox@1.1.4/denonext/build/type/engine/evaluate/composite.mjs": "d4835fa3aac6832ebb67a9b9c833741d0fcdf9bf103c62007b62a22f5a34664f",
    "https://esm.sh/typebox@1.1.4/denonext/build/type/engine/evaluate/distribute.mjs": "c12cb65d4708c7c83d153692c35a7faf85d6d328114d80068699654da8db61cb",
    "https://esm.sh/typebox@1.1.4/denonext/build/type/engine/evaluate/evaluate.mjs": "099b36788343c299a1c6654b071c02467588e7b1c61fce6052d5825bb17ca2b6",
    "https://esm.sh/typebox@1.1.4/denonext/build/type/engine/evaluate/flatten.mjs": "962e9a29dbac4f02c2a78a2a8b90388c19b87ecbbe3f56a34ab2227bc6b5bf96",
    "https://esm.sh/typebox@1.1.4/denonext/build/type/engine/evaluate/index.mjs": "cd621359db5c8bb7e807c29684edde6dbc11138ae1bf4680576dd4a1b5b20c6f",
    "https://esm.sh/typebox@1.1.4/denonext/build/type/engine/evaluate/instantiate.mjs": "984684e7ce3ccc288079f4c711967d4c7d63b3f66fa6b6aecbebcc91dd7a6e6a",
    "https://esm.sh/typebox@1.1.4/denonext/build/type/engine/evaluate/narrow.mjs": "6a57f2e7073dd940baed354a2f2758513450a41ce16baec7ee7414b89986641d",
    "https://esm.sh/typebox@1.1.4/denonext/build/type/engine/exclude/instantiate.mjs": "9e7feab78a11767fa1bac94b45e5decbc04524ee7f3dcb91970b0db207da1949",
    "https://esm.sh/typebox@1.1.4/denonext/build/type/engine/extract/instantiate.mjs": "f2fc98c23def7c78a69dfb771083c3b731122b2fd7a25370215d21f3aa8217a6",
    "https://esm.sh/typebox@1.1.4/denonext/build/type/engine/helpers/keys-to-indexer.mjs": "72f5ac6f2f6c1ad35db8c033fdfc4a9b26784fc5c60163234b7a52ca38290f75",
    "https://esm.sh/typebox@1.1.4/denonext/build/type/engine/helpers/keys.mjs": "f6a5aaf0d3e5ed24a8b0f4db658c236fba079ab41f0d4dda271a818feb00e95f",
    "https://esm.sh/typebox@1.1.4/denonext/build/type/engine/index.mjs": "572d738028992b2c9ae83305e26a7985de25c04367af74903876f289f9e40ba2",
    "https://esm.sh/typebox@1.1.4/denonext/build/type/engine/indexable/from-type.mjs": "6ab1f327a16d64a903b6f6ff826f59a8696975dd2fa5bea9f32c9995dd792fe9",
    "https://esm.sh/typebox@1.1.4/denonext/build/type/engine/indexable/to-indexable-keys.mjs": "07d69d5dd76c680c990a9555cbbaaba6d1dda8f13b154a36f536ac59ea9c8070",
    "https://esm.sh/typebox@1.1.4/denonext/build/type/engine/indexable/to-indexable.mjs": "5b717da0f97e5cda3791d386b38dda01af68395032236b1c8d06d4ef8448fa7e",
    "https://esm.sh/typebox@1.1.4/denonext/build/type/engine/indexed/instantiate.mjs": "3851da111d42831316b7599b9feec9b9f782ed03fa05203a1919dd4590c1310f",
    "https://esm.sh/typebox@1.1.4/denonext/build/type/engine/instance-type/instantiate.mjs": "bd2c2b2b78b3a57a739ddc6e1fa1a64524c74f108e2976645b5b1a8348644c37",
    "https://esm.sh/typebox@1.1.4/denonext/build/type/engine/instantiate.mjs": "bdddf7d9c53784a718948438df89f834e7d1a87a043b08087e84b056b3da74cd",
    "https://esm.sh/typebox@1.1.4/denonext/build/type/engine/interface/instantiate.mjs": "0ea42c891e495932e34f6b54d3c76f5605c652e832db21f6dfeaa592202b67fc",
    "https://esm.sh/typebox@1.1.4/denonext/build/type/engine/intrinsics/instantiate.mjs": "387f447888de612b2b72895afca29002aabac27f19852dd785892c7880beaded",
    "https://esm.sh/typebox@1.1.4/denonext/build/type/engine/keyof/instantiate.mjs": "8066a03148b607a3f9a88938cb249ccb5c78b53e4a5f6c68078070a4372ee4f9",
    "https://esm.sh/typebox@1.1.4/denonext/build/type/engine/mapped/instantiate.mjs": "8bb0cca5d68025a18a1bed5a76b2b00240f80dd7624f89eaec6cff61cbdeb4e3",
    "https://esm.sh/typebox@1.1.4/denonext/build/type/engine/module/instantiate.mjs": "cae94387d81fb63a29b57bb47dcfbfafdfc8d51b20c957a21a6463d7f018a68b",
    "https://esm.sh/typebox@1.1.4/denonext/build/type/engine/non-nullable/instantiate.mjs": "ccc9cf27ea633a9e6100ddcf9717da81978dc7e7fbb86996ef2d0d8f6d0560a7",
    "https://esm.sh/typebox@1.1.4/denonext/build/type/engine/object/index.mjs": "2a1574389c6f491de10cc191ac59f40b9b6b3632c186a10f7aab382151bcf030",
    "https://esm.sh/typebox@1.1.4/denonext/build/type/engine/omit/instantiate.mjs": "f30958e2ed0b2491d455517d470ee7396ce5efab869cc652f4b55bfaea8e4326",
    "https://esm.sh/typebox@1.1.4/denonext/build/type/engine/options/instantiate.mjs": "3bc5751ed1c6629f5ca17cf7802c626aa5b3c0fbbc9d74b40454f80552cd8bf7",
    "https://esm.sh/typebox@1.1.4/denonext/build/type/engine/parameters/instantiate.mjs": "0e9c3f83a014a078704a71f9a0e53927616b6b17e1722c0494d48fb6bb926ac4",
    "https://esm.sh/typebox@1.1.4/denonext/build/type/engine/partial/instantiate.mjs": "8e20830f7c07918ba3bf52e67d0be547870ce30ae340e626b53519ae922a51de",
    "https://esm.sh/typebox@1.1.4/denonext/build/type/engine/patterns/pattern.mjs": "fdd1adc3f12d35d1d48b4398793a31aa77aae17fea2f8933cc4dff4cb42c6576",
    "https://esm.sh/typebox@1.1.4/denonext/build/type/engine/patterns/template.mjs": "ddd52d7d6bc8d46b467a19255ff893417e7431a84b3e47dd76a304c22ea468ca",
    "https://esm.sh/typebox@1.1.4/denonext/build/type/engine/pick/instantiate.mjs": "5e65a4eecaa8e1d37715b68b8f2263c6c79fe43c5954cd1a9ebb9aa7a8eaa284",
    "https://esm.sh/typebox@1.1.4/denonext/build/type/engine/readonly-type/instantiate.mjs": "8d837423f4974973e514b23dd8207d3f6de20a9c46fdc0ae3eb344271ffc60e1",
    "https://esm.sh/typebox@1.1.4/denonext/build/type/engine/record/instantiate.mjs": "98febeaac025bebfbd308200f2e3a29159e92f0ddb580e1d201462340b928db4",
    "https://esm.sh/typebox@1.1.4/denonext/build/type/engine/record/record-create.mjs": "709c5a23af7ae8eea258199d49a421476f456b93f7879e9f94eb5e3112b9fe01",
    "https://esm.sh/typebox@1.1.4/denonext/build/type/engine/ref/instantiate.mjs": "cd390630f897d5acd2a7adf01c2427cc67e0a81bab0b97525150a38a5c3693d1",
    "https://esm.sh/typebox@1.1.4/denonext/build/type/engine/required/instantiate.mjs": "618ee1c540494672c3a9e56bf1b343f994593340bcdc26db6db5682a509fa183",
    "https://esm.sh/typebox@1.1.4/denonext/build/type/engine/return-type/instantiate.mjs": "2ccaad798f3cbd48f1221cf7c32805acb8d89775b3b1fd8202836492f59e3c73",
    "https://esm.sh/typebox@1.1.4/denonext/build/type/engine/template-literal/create.mjs": "cc22f8619f1e3291a4591c4dc306c38e48b8bf68b2802449a266141400091df5",
    "https://esm.sh/typebox@1.1.4/denonext/build/type/engine/template-literal/decode.mjs": "7c5d1bc2bd33fae4fdcd0a06c55aea46bc1eb8f781304c98a6168ba02fee8952",
    "https://esm.sh/typebox@1.1.4/denonext/build/type/engine/template-literal/encode.mjs": "7bf7dc23ca0cd2d6a4f45c6f66f57d7fa233d7e2a84b711dab6d9cc83689539f",
    "https://esm.sh/typebox@1.1.4/denonext/build/type/engine/template-literal/index.mjs": "d6ed520d24d909a1206be4c18ed9541ba284e052bd31773a4bb34c3c831f5989",
    "https://esm.sh/typebox@1.1.4/denonext/build/type/engine/template-literal/is-finite.mjs": "4b4c5dccdb067e3e4bc46d19a662fcba6a4b2a0efc1b1b5dd1a396618b6e6f32",
    "https://esm.sh/typebox@1.1.4/denonext/build/type/engine/tuple/to-object.mjs": "30e7ce8cca2577ef7c63e05920e5fdfe080955a6cca54a693f41fe7e2abe24e9",
    "https://esm.sh/typebox@1.1.4/denonext/build/type/extends/extends-left.mjs": "b4ce4c2fef1c589bb6d6349b823b57255f2bebb5285510644a479494d8c4c823",
    "https://esm.sh/typebox@1.1.4/denonext/build/type/extends/index.mjs": "8f9eafd0d2c4ecb80e71f1ceaac7870c12f312509bcb0e0966304a21c8bddb8b",
    "https://esm.sh/typebox@1.1.4/denonext/build/type/extends/result.mjs": "4459e829acddddc9454257a8ecdb0dc911bc774e4978c3ecd8337fc129b60c82",
    "https://esm.sh/typebox@1.1.4/denonext/build/type/script/index.mjs": "4bde3f0190aef601a62629527250a9d0a804b4ab86c1c8450957718c714780c8",
    "https://esm.sh/typebox@1.1.4/denonext/build/type/script/parser.mjs": "5bbc42bc3442600bcb432fd667343d73e43d66afb5ca196e1761696f45d9b34e",
    "https://esm.sh/typebox@1.1.4/denonext/build/type/script/token/internal/char.mjs": "7b55730dba7c08b648230ca1a4ddcfae634ab5104f3ab01c8c4b3eba1742dc44",
    "https://esm.sh/typebox@1.1.4/denonext/build/type/script/token/internal/guard.mjs": "5790489c2604075d7e209ba89dbb485f5e1306c2e3f1ba8379f3bcc73e059d72",
    "https://esm.sh/typebox@1.1.4/denonext/build/type/script/token/internal/many.mjs": "6531024a00aaa48aa8c7b2a62d16ec5ce3c24635272b7f87457cfc19957cf81a",
    "https://esm.sh/typebox@1.1.4/denonext/build/type/script/token/internal/optional.mjs": "94cb78fa6674e2155e205f39f21e73912ddb8e771be1055fad1d3351a20cfa32",
    "https://esm.sh/typebox@1.1.4/denonext/build/type/script/token/internal/result.mjs": "1f6d11f229e662c72c7ef2bd78a483da07a8cc61b830ecbe33a2b32b8a5364d9",
    "https://esm.sh/typebox@1.1.4/denonext/build/type/script/token/internal/take.mjs": "e4e3574aeccc09d549e48ce0f24e8f43580845f182f5c236a75466e5467ccb68",
    "https://esm.sh/typebox@1.1.4/denonext/build/type/script/token/internal/trim.mjs": "f27215937aac890a0b065ec3f8136ef6f57cc140b7157b056acbfda08a0f5f90",
    "https://esm.sh/typebox@1.1.4/denonext/build/type/script/token/until.mjs": "28a6a5e0e0c5b530ff6a1def275ce3fb6d839d7414446a19ad99010a89e842d0",
    "https://esm.sh/typebox@1.1.4/denonext/build/type/types/_codec.mjs": "a7a7a23840c4328c5f743441555e2de474b614bc0986bb1c6511dcfad9331ae6",
    "https://esm.sh/typebox@1.1.4/denonext/build/type/types/_immutable.mjs": "16c6766568cfaa21f04852ffee3b325acccf70ac15b88348e02c746d99e770d1",
    "https://esm.sh/typebox@1.1.4/denonext/build/type/types/_optional.mjs": "b9ea0abe669cb1b11dab29df8c1cb7fb58c665f4d948773bebec9c0492423f63",
    "https://esm.sh/typebox@1.1.4/denonext/build/type/types/_readonly.mjs": "b557547d01ece62ed659f7b99e406ddfae9ea8e5873e8bad3012cebfb5fd6f40",
    "https://esm.sh/typebox@1.1.4/denonext/build/type/types/_refine.mjs": "f71f55e850931a2fd6aef1ed87f2e2a2e863713a5751bea642afd710957c1527",
    "https://esm.sh/typebox@1.1.4/denonext/build/type/types/any.mjs": "e0cae9caf1a71acbbc03782cc371534cd6a391a740599b0bb9b22e3f1e3fca4d",
    "https://esm.sh/typebox@1.1.4/denonext/build/type/types/array.mjs": "90e998215a1941439c0564ce86bbfa7c4bcd56faedf9a9fe68bf2bdb819234ce",
    "https://esm.sh/typebox@1.1.4/denonext/build/type/types/async-iterator.mjs": "a6836d90c6ea97c0fb67df700d34a8b16e175250de028bc2b914a72dcc1d5e32",
    "https://esm.sh/typebox@1.1.4/denonext/build/type/types/base.mjs": "5c132dc2965fd56aa1dd22048143599e2c14d574c0ee67ca5f18f4f8be84eaa7",
    "https://esm.sh/typebox@1.1.4/denonext/build/type/types/bigint.mjs": "be50a9548cebbcf6d00201f1e49304720031d1dea7f234f104285289dd9b3044",
    "https://esm.sh/typebox@1.1.4/denonext/build/type/types/boolean.mjs": "6dc9eed7df8093961f1b67e9985c8f6859f084d9875a5a84f8b33a1383f3810c",
    "https://esm.sh/typebox@1.1.4/denonext/build/type/types/call.mjs": "3c1bd8f51a23923e896bf7dc14c1afefa96c7adaa6c6ef08aece7742519db437",
    "https://esm.sh/typebox@1.1.4/denonext/build/type/types/constructor.mjs": "3705349012ab99937ad6768e985692bd1948c054cbd5e9ce1abdea14876b8a48",
    "https://esm.sh/typebox@1.1.4/denonext/build/type/types/cyclic.mjs": "cf8309adc19adfabfed4c64e3475933da76b20be44a02233a242ae65bea187a7",
    "https://esm.sh/typebox@1.1.4/denonext/build/type/types/deferred.mjs": "6cd10a787f63d12c5adec9216fc815b0b1d332ea3a537c29d1c8778219dfa6e8",
    "https://esm.sh/typebox@1.1.4/denonext/build/type/types/enum.mjs": "bf0e8291a43d73df57fe1450fc2784dbd3aefc30218429d6c75af4a82811124c",
    "https://esm.sh/typebox@1.1.4/denonext/build/type/types/function.mjs": "1e3fd9c938c27b7daf9f681c232208a62bdbbd6db62e749be04cca3e64ab841a",
    "https://esm.sh/typebox@1.1.4/denonext/build/type/types/generic.mjs": "c01a01676043ad892978c07e3d8004558116a4d6294d0ff43761d42eaa753de3",
    "https://esm.sh/typebox@1.1.4/denonext/build/type/types/identifier.mjs": "eaae40a4b45f753cdffddf9aef8ed80b61576970c534be34285d9069bd85cc1e",
    "https://esm.sh/typebox@1.1.4/denonext/build/type/types/index.mjs": "e788c1204611a7fc9da28d74dcaf7943e9eaeb6017f49cdc9575a838fc18d6e7",
    "https://esm.sh/typebox@1.1.4/denonext/build/type/types/infer.mjs": "fc2f8062d03d42e64df97a3716bf815dffeb1ba222ce281f6adb06d5d1a79914",
    "https://esm.sh/typebox@1.1.4/denonext/build/type/types/integer.mjs": "fc72dfe544dde8c9a9e692b18ae3209f0650764a18ff8b0385d55be496c0dae5",
    "https://esm.sh/typebox@1.1.4/denonext/build/type/types/intersect.mjs": "c6b14c8cce147763fdf6b64b0101e129123d50ac6d458b878ce0c7ef4bd4b98f",
    "https://esm.sh/typebox@1.1.4/denonext/build/type/types/iterator.mjs": "a8f66726fab057904706a9be61b69ed82a0595c72944421a9884a4d0c75faf6c",
    "https://esm.sh/typebox@1.1.4/denonext/build/type/types/literal.mjs": "89d89ce941ba4ea2d39f216928963016fcea51aa5eb76468e8d7dfbd6c5aced4",
    "https://esm.sh/typebox@1.1.4/denonext/build/type/types/never.mjs": "ef79f20d88121574bec732a54209fdac060e60c1e1484aff4933168c372ba7d1",
    "https://esm.sh/typebox@1.1.4/denonext/build/type/types/null.mjs": "94eb4762326e42ca21c67f9b9b946667556e047fc392815358eeab25e76d67fd",
    "https://esm.sh/typebox@1.1.4/denonext/build/type/types/number.mjs": "c357b936fac35e55b8cf9d0f7f27e97e71067a0762f6baa8693522d37157abf6",
    "https://esm.sh/typebox@1.1.4/denonext/build/type/types/object.mjs": "6b5e38eff5c63a9e142e6e79f853ecfd0bfd39475b05bb2135f2ac0ec81e6a37",
    "https://esm.sh/typebox@1.1.4/denonext/build/type/types/parameter.mjs": "3c3c16c01549d52e60bf2b4cc3887276a6ad333d80bd4aad4065eab1d55703c5",
    "https://esm.sh/typebox@1.1.4/denonext/build/type/types/promise.mjs": "74a71e5282b9c7b5528d3ed7e269a7f1d8cff5b7b5416b96b2b5e7c0712426d3",
    "https://esm.sh/typebox@1.1.4/denonext/build/type/types/properties.mjs": "fc0111e6bd30a0e84c6fb402e7953eadb5b1dcf7cd60b2b77875696174ba8296",
    "https://esm.sh/typebox@1.1.4/denonext/build/type/types/record.mjs": "32319a3bc4d8437172e4c5cc0a748360957e3b6af23bf73616eafbc138ce409d",
    "https://esm.sh/typebox@1.1.4/denonext/build/type/types/ref.mjs": "25ae9a81bb7d0fe576fd18a43bef52f19e8fcdee51bfa9780412c353d217d165",
    "https://esm.sh/typebox@1.1.4/denonext/build/type/types/rest.mjs": "a14ca10735dfa8827eaee4ebcafa382c69489388d234d6f914ea9308d662f202",
    "https://esm.sh/typebox@1.1.4/denonext/build/type/types/schema.mjs": "495fa6f6a91f92d6e197b6be31294fcfef6c6f3701883fd2ff6b0253e9e4ce96",
    "https://esm.sh/typebox@1.1.4/denonext/build/type/types/string.mjs": "f3d9f159f2b0a0606fd6de85ba9816e5f401a0123be8375b293336954137837f",
    "https://esm.sh/typebox@1.1.4/denonext/build/type/types/symbol.mjs": "1a8873d0052bf3675e8739d22c618494623c7eb1a47e6f58405c67f0f8c3f03e",
    "https://esm.sh/typebox@1.1.4/denonext/build/type/types/template-literal.mjs": "5cb872079ce9badb9824498884a6da999959a6cfd5780c6ec9ef4b663e23d0ce",
    "https://esm.sh/typebox@1.1.4/denonext/build/type/types/this.mjs": "a467969fa0f572424725f731dc6465724e14234b90ee1aedac3834a035daa6fc",
    "https://esm.sh/typebox@1.1.4/denonext/build/type/types/tuple.mjs": "91263c6dc860bee605f8e321f0b8ee9b0844dce78be97b23358491e8dac7debb",
    "https://esm.sh/typebox@1.1.4/denonext/build/type/types/undefined.mjs": "f46852c371be5ce754ef924410c79eb48755944bdba6bd71ef6b0c2c0b0aaec9",
    "https://esm.sh/typebox@1.1.4/denonext/build/type/types/union.mjs": "2742a4cbdeb53c9786867ab4620cf49bc071119954444830776d925e17d732ff",
    "https://esm.sh/typebox@1.1.4/denonext/build/type/types/unknown.mjs": "3f34c97b15d28b7b588cfbcf3bd280bb966f3af5e0659b8e882b50e1be97d3a2",
    "https://esm.sh/typebox@1.1.4/denonext/build/type/types/unsafe.mjs": "5de655c2919c20595aab8414b86585cb53599365dc8068fb7fc2359a02cc7102",
    "https://esm.sh/typebox@1.1.4/denonext/build/type/types/void.mjs": "415013a6b1f65ff2d70f15977e26f931190119cc74196711ea07bae9984e0a6b",
    "https://esm.sh/typebox@1.1.4/denonext/error.mjs": "f6bd5c68b7f33eb312e307693e3d1c5e244f9309b207318485c9bf32cf76993f",
    "https://esm.sh/typebox@1.1.4/denonext/format.mjs": "b01e8af792f3869cede684921019c7e0c5fe9f62911277174eb09ebe4974cd8b",
    "https://esm.sh/typebox@1.1.4/denonext/guard.mjs": "f28769125143da36e4aaf16a04809a50983a8468dd61d14b47973ca61eb901bb",
    "https://esm.sh/typebox@1.1.4/denonext/schema.mjs": "e9418830d84366ec62946d230dc94b46b91ce2adc06c5b2f074598e679d2717d",
    "https://esm.sh/typebox@1.1.4/denonext/system.mjs": "723e2c8ed0b850bd837ebfb7d2916571225dc074f793e9d12f8c328d3365679d",
    "https://esm.sh/typebox@1.1.4/denonext/type.mjs": "08f9f746c3020b0529795696c93bcf0027ad54f11385dc0c86dc6343a4d20664",
    "https://esm.sh/typebox@1.1.4/denonext/typebox.mjs": "8fa790bb6c3339a4c613e082bfedb1759d139a95d69c3655ac5893f037a4fb07",
    "https://esm.sh/typebox@1.1.4/denonext/value.mjs": "a76599b3d17a18042aaa1225aedfba5db5d0a9aabad8e119db9f98e7d24df612",
    "https://esm.sh/typebox@1.1.4/error": "92d739c2b22bca67c25259910f29fc790db15956b933549c8ed660a55bb5a967",
    "https://esm.sh/typebox@1.1.4/schema": "7ebce97ac1961d477c01a9f3173807d3f172da29c11bdaaa42ea838577455b9d",
    "https://esm.sh/typebox@1.1.4/value": "8acf3002069529c4dbcaec091a6f3c5c87b354218b7af70e162fa815f1980525"
  },
  "workspace": {
    "dependencies": [
      "jsr:@std/assert@1",
      "npm:typebox@1.1.4"
    ]
  }
}
